// !$*UTF8*$!
{
	archiveVersion = 1;
	classes = {
	};
	objectVersion = 55;
	objects = {

/* Begin PBXBuildFile section */
		2192458228E924D3000E0F29 /* StartVM.swift in Sources */ = {isa = PBXBuildFile; fileRef = 2192458128E924D3000E0F29 /* StartVM.swift */; };
		21A7B50D28E6F1E800C5FB98 /* WorkoutsApp.swift in Sources */ = {isa = PBXBuildFile; fileRef = 21A7B50C28E6F1E800C5FB98 /* WorkoutsApp.swift */; };
		21A7B50F28E6F1E800C5FB98 /* MainView.swift in Sources */ = {isa = PBXBuildFile; fileRef = 21A7B50E28E6F1E800C5FB98 /* MainView.swift */; };
		21A7B51128E6F1EA00C5FB98 /* Assets.xcassets in Resources */ = {isa = PBXBuildFile; fileRef = 21A7B51028E6F1EA00C5FB98 /* Assets.xcassets */; };
		21A7B51428E6F1EA00C5FB98 /* Preview Assets.xcassets in Resources */ = {isa = PBXBuildFile; fileRef = 21A7B51328E6F1EA00C5FB98 /* Preview Assets.xcassets */; };
		21A7B51D28E78ECC00C5FB98 /* CreateView.swift in Sources */ = {isa = PBXBuildFile; fileRef = 21A7B51C28E78ECC00C5FB98 /* CreateView.swift */; };
		21A7B51F28E78F0900C5FB98 /* ProgramView.swift in Sources */ = {isa = PBXBuildFile; fileRef = 21A7B51E28E78F0900C5FB98 /* ProgramView.swift */; };
		21A7B52128E78F1500C5FB98 /* StartView.swift in Sources */ = {isa = PBXBuildFile; fileRef = 21A7B52028E78F1500C5FB98 /* StartView.swift */; };
		21A7B52328E79AD700C5FB98 /* isHidden.swift in Sources */ = {isa = PBXBuildFile; fileRef = 21A7B52228E79AD700C5FB98 /* isHidden.swift */; };
		21A7B52D28E7A65200C5FB98 /* Sessions.xcdatamodeld in Sources */ = {isa = PBXBuildFile; fileRef = 21A7B52B28E7A65200C5FB98 /* Sessions.xcdatamodeld */; };
		21A7B53128E7AB4B00C5FB98 /* DataController.swift in Sources */ = {isa = PBXBuildFile; fileRef = 21A7B53028E7AB4B00C5FB98 /* DataController.swift */; };
		21A7B53928E827E000C5FB98 /* WorkoutsTests.swift in Sources */ = {isa = PBXBuildFile; fileRef = 21A7B53828E827E000C5FB98 /* WorkoutsTests.swift */; };
		21A7B54628E83E0800C5FB98 /* NewExerciseView.swift in Sources */ = {isa = PBXBuildFile; fileRef = 21A7B54528E83E0800C5FB98 /* NewExerciseView.swift */; };
		21A7B54828E8D44700C5FB98 /* oldCode.swift in Sources */ = {isa = PBXBuildFile; fileRef = 21A7B54728E8D44700C5FB98 /* oldCode.swift */; };
		21A7B54A28E8D6C900C5FB98 /* CreateViewVM.swift in Sources */ = {isa = PBXBuildFile; fileRef = 21A7B54928E8D6C900C5FB98 /* CreateViewVM.swift */; };
		21A7B55028E8E62C00C5FB98 /* CreateVMTests.swift in Sources */ = {isa = PBXBuildFile; fileRef = 21A7B54F28E8E62C00C5FB98 /* CreateVMTests.swift */; };
		21A7B55328E8EA6E00C5FB98 /* CreateModels.swift in Sources */ = {isa = PBXBuildFile; fileRef = 21A7B55228E8EA6E00C5FB98 /* CreateModels.swift */; };
/* End PBXBuildFile section */

/* Begin PBXContainerItemProxy section */
		21A7B53A28E827E000C5FB98 /* PBXContainerItemProxy */ = {
			isa = PBXContainerItemProxy;
			containerPortal = 21A7B50128E6F1E800C5FB98 /* Project object */;
			proxyType = 1;
			remoteGlobalIDString = 21A7B50828E6F1E800C5FB98;
			remoteInfo = Workouts;
		};
/* End PBXContainerItemProxy section */

/* Begin PBXFileReference section */
		2192458128E924D3000E0F29 /* StartVM.swift */ = {isa = PBXFileReference; lastKnownFileType = sourcecode.swift; path = StartVM.swift; sourceTree = "<group>"; };
		21A7B50928E6F1E800C5FB98 /* Workouts.app */ = {isa = PBXFileReference; explicitFileType = wrapper.application; includeInIndex = 0; path = Workouts.app; sourceTree = BUILT_PRODUCTS_DIR; };
		21A7B50C28E6F1E800C5FB98 /* WorkoutsApp.swift */ = {isa = PBXFileReference; lastKnownFileType = sourcecode.swift; path = WorkoutsApp.swift; sourceTree = "<group>"; };
		21A7B50E28E6F1E800C5FB98 /* MainView.swift */ = {isa = PBXFileReference; lastKnownFileType = sourcecode.swift; path = MainView.swift; sourceTree = "<group>"; };
		21A7B51028E6F1EA00C5FB98 /* Assets.xcassets */ = {isa = PBXFileReference; lastKnownFileType = folder.assetcatalog; path = Assets.xcassets; sourceTree = "<group>"; };
		21A7B51328E6F1EA00C5FB98 /* Preview Assets.xcassets */ = {isa = PBXFileReference; lastKnownFileType = folder.assetcatalog; path = "Preview Assets.xcassets"; sourceTree = "<group>"; };
		21A7B51C28E78ECC00C5FB98 /* CreateView.swift */ = {isa = PBXFileReference; lastKnownFileType = sourcecode.swift; path = CreateView.swift; sourceTree = "<group>"; };
		21A7B51E28E78F0900C5FB98 /* ProgramView.swift */ = {isa = PBXFileReference; lastKnownFileType = sourcecode.swift; path = ProgramView.swift; sourceTree = "<group>"; };
		21A7B52028E78F1500C5FB98 /* StartView.swift */ = {isa = PBXFileReference; lastKnownFileType = sourcecode.swift; path = StartView.swift; sourceTree = "<group>"; };
		21A7B52228E79AD700C5FB98 /* isHidden.swift */ = {isa = PBXFileReference; lastKnownFileType = sourcecode.swift; path = isHidden.swift; sourceTree = "<group>"; };
		21A7B52C28E7A65200C5FB98 /* Sessions.xcdatamodel */ = {isa = PBXFileReference; lastKnownFileType = wrapper.xcdatamodel; path = Sessions.xcdatamodel; sourceTree = "<group>"; };
		21A7B53028E7AB4B00C5FB98 /* DataController.swift */ = {isa = PBXFileReference; lastKnownFileType = sourcecode.swift; path = DataController.swift; sourceTree = "<group>"; };
		21A7B53628E827E000C5FB98 /* WorkoutsTests.xctest */ = {isa = PBXFileReference; explicitFileType = wrapper.cfbundle; includeInIndex = 0; path = WorkoutsTests.xctest; sourceTree = BUILT_PRODUCTS_DIR; };
		21A7B53828E827E000C5FB98 /* WorkoutsTests.swift */ = {isa = PBXFileReference; lastKnownFileType = sourcecode.swift; path = WorkoutsTests.swift; sourceTree = "<group>"; };
		21A7B54528E83E0800C5FB98 /* NewExerciseView.swift */ = {isa = PBXFileReference; lastKnownFileType = sourcecode.swift; path = NewExerciseView.swift; sourceTree = "<group>"; };
		21A7B54728E8D44700C5FB98 /* oldCode.swift */ = {isa = PBXFileReference; lastKnownFileType = sourcecode.swift; path = oldCode.swift; sourceTree = "<group>"; };
		21A7B54928E8D6C900C5FB98 /* CreateViewVM.swift */ = {isa = PBXFileReference; lastKnownFileType = sourcecode.swift; path = CreateViewVM.swift; sourceTree = "<group>"; };
		21A7B54F28E8E62C00C5FB98 /* CreateVMTests.swift */ = {isa = PBXFileReference; lastKnownFileType = sourcecode.swift; path = CreateVMTests.swift; sourceTree = "<group>"; };
		21A7B55228E8EA6E00C5FB98 /* CreateModels.swift */ = {isa = PBXFileReference; lastKnownFileType = sourcecode.swift; path = CreateModels.swift; sourceTree = "<group>"; };
/* End PBXFileReference section */

/* Begin PBXFrameworksBuildPhase section */
		21A7B50628E6F1E800C5FB98 /* Frameworks */ = {
			isa = PBXFrameworksBuildPhase;
			buildActionMask = 2147483647;
			files = (
			);
			runOnlyForDeploymentPostprocessing = 0;
		};
		21A7B53328E827E000C5FB98 /* Frameworks */ = {
			isa = PBXFrameworksBuildPhase;
			buildActionMask = 2147483647;
			files = (
			);
			runOnlyForDeploymentPostprocessing = 0;
		};
/* End PBXFrameworksBuildPhase section */

/* Begin PBXGroup section */
		21A7B50028E6F1E800C5FB98 = {
			isa = PBXGroup;
			children = (
				21A7B50B28E6F1E800C5FB98 /* Workouts */,
				21A7B53728E827E000C5FB98 /* WorkoutsTests */,
				21A7B50A28E6F1E800C5FB98 /* Products */,
			);
			sourceTree = "<group>";
		};
		21A7B50A28E6F1E800C5FB98 /* Products */ = {
			isa = PBXGroup;
			children = (
				21A7B50928E6F1E800C5FB98 /* Workouts.app */,
				21A7B53628E827E000C5FB98 /* WorkoutsTests.xctest */,
			);
			name = Products;
			sourceTree = "<group>";
		};
		21A7B50B28E6F1E800C5FB98 /* Workouts */ = {
			isa = PBXGroup;
			children = (
				21A7B55128E8EA5500C5FB98 /* Models */,
				21A7B54C28E8D94A00C5FB98 /* ViewModel */,
				21A7B52F28E7AB0000C5FB98 /* utils */,
				21A7B52E28E7AA4300C5FB98 /* Views */,
				21A7B52828E7A53200C5FB98 /* CoreData */,
				21A7B50C28E6F1E800C5FB98 /* WorkoutsApp.swift */,
				21A7B51028E6F1EA00C5FB98 /* Assets.xcassets */,
				21A7B51228E6F1EA00C5FB98 /* Preview Content */,
				21A7B54728E8D44700C5FB98 /* oldCode.swift */,
			);
			path = Workouts;
			sourceTree = "<group>";
		};
		21A7B51228E6F1EA00C5FB98 /* Preview Content */ = {
			isa = PBXGroup;
			children = (
				21A7B51328E6F1EA00C5FB98 /* Preview Assets.xcassets */,
			);
			path = "Preview Content";
			sourceTree = "<group>";
		};
		21A7B52828E7A53200C5FB98 /* CoreData */ = {
			isa = PBXGroup;
			children = (
				21A7B52B28E7A65200C5FB98 /* Sessions.xcdatamodeld */,
				21A7B53028E7AB4B00C5FB98 /* DataController.swift */,
			);
			path = CoreData;
			sourceTree = "<group>";
		};
		21A7B52E28E7AA4300C5FB98 /* Views */ = {
			isa = PBXGroup;
			children = (
				21A7B51C28E78ECC00C5FB98 /* CreateView.swift */,
				21A7B54528E83E0800C5FB98 /* NewExerciseView.swift */,
				21A7B52028E78F1500C5FB98 /* StartView.swift */,
				21A7B51E28E78F0900C5FB98 /* ProgramView.swift */,
				21A7B50E28E6F1E800C5FB98 /* MainView.swift */,
			);
			path = Views;
			sourceTree = "<group>";
		};
		21A7B52F28E7AB0000C5FB98 /* utils */ = {
			isa = PBXGroup;
			children = (
				21A7B52228E79AD700C5FB98 /* isHidden.swift */,
			);
			path = utils;
			sourceTree = "<group>";
		};
		21A7B53728E827E000C5FB98 /* WorkoutsTests */ = {
			isa = PBXGroup;
			children = (
				21A7B53828E827E000C5FB98 /* WorkoutsTests.swift */,
				21A7B54F28E8E62C00C5FB98 /* CreateVMTests.swift */,
			);
			path = WorkoutsTests;
			sourceTree = "<group>";
		};
		21A7B54C28E8D94A00C5FB98 /* ViewModel */ = {
			isa = PBXGroup;
			children = (
				21A7B54928E8D6C900C5FB98 /* CreateViewVM.swift */,
				2192458128E924D3000E0F29 /* StartVM.swift */,
			);
			path = ViewModel;
			sourceTree = "<group>";
		};
		21A7B55128E8EA5500C5FB98 /* Models */ = {
			isa = PBXGroup;
			children = (
				21A7B55228E8EA6E00C5FB98 /* CreateModels.swift */,
			);
			path = Models;
			sourceTree = "<group>";
		};
/* End PBXGroup section */

/* Begin PBXNativeTarget section */
		21A7B50828E6F1E800C5FB98 /* Workouts */ = {
			isa = PBXNativeTarget;
			buildConfigurationList = 21A7B51728E6F1EA00C5FB98 /* Build configuration list for PBXNativeTarget "Workouts" */;
			buildPhases = (
				21A7B50528E6F1E800C5FB98 /* Sources */,
				21A7B50628E6F1E800C5FB98 /* Frameworks */,
				21A7B50728E6F1E800C5FB98 /* Resources */,
			);
			buildRules = (
			);
			dependencies = (
			);
			name = Workouts;
			productName = Workouts;
			productReference = 21A7B50928E6F1E800C5FB98 /* Workouts.app */;
			productType = "com.apple.product-type.application";
		};
		21A7B53528E827E000C5FB98 /* WorkoutsTests */ = {
			isa = PBXNativeTarget;
			buildConfigurationList = 21A7B53E28E827E000C5FB98 /* Build configuration list for PBXNativeTarget "WorkoutsTests" */;
			buildPhases = (
				21A7B53228E827E000C5FB98 /* Sources */,
				21A7B53328E827E000C5FB98 /* Frameworks */,
				21A7B53428E827E000C5FB98 /* Resources */,
			);
			buildRules = (
			);
			dependencies = (
				21A7B53B28E827E000C5FB98 /* PBXTargetDependency */,
			);
			name = WorkoutsTests;
			productName = WorkoutsTests;
			productReference = 21A7B53628E827E000C5FB98 /* WorkoutsTests.xctest */;
			productType = "com.apple.product-type.bundle.unit-test";
		};
/* End PBXNativeTarget section */

/* Begin PBXProject section */
		21A7B50128E6F1E800C5FB98 /* Project object */ = {
			isa = PBXProject;
			attributes = {
				BuildIndependentTargetsInParallel = 1;
				LastSwiftUpdateCheck = 1340;
				LastUpgradeCheck = 1340;
				TargetAttributes = {
					21A7B50828E6F1E800C5FB98 = {
						CreatedOnToolsVersion = 13.4.1;
					};
					21A7B53528E827E000C5FB98 = {
						CreatedOnToolsVersion = 13.4.1;
						TestTargetID = 21A7B50828E6F1E800C5FB98;
					};
				};
			};
			buildConfigurationList = 21A7B50428E6F1E800C5FB98 /* Build configuration list for PBXProject "Workouts" */;
			compatibilityVersion = "Xcode 13.0";
			developmentRegion = en;
			hasScannedForEncodings = 0;
			knownRegions = (
				en,
				Base,
			);
			mainGroup = 21A7B50028E6F1E800C5FB98;
			productRefGroup = 21A7B50A28E6F1E800C5FB98 /* Products */;
			projectDirPath = "";
			projectRoot = "";
			targets = (
				21A7B50828E6F1E800C5FB98 /* Workouts */,
				21A7B53528E827E000C5FB98 /* WorkoutsTests */,
			);
		};
/* End PBXProject section */

/* Begin PBXResourcesBuildPhase section */
		21A7B50728E6F1E800C5FB98 /* Resources */ = {
			isa = PBXResourcesBuildPhase;
			buildActionMask = 2147483647;
			files = (
				21A7B51428E6F1EA00C5FB98 /* Preview Assets.xcassets in Resources */,
				21A7B51128E6F1EA00C5FB98 /* Assets.xcassets in Resources */,
			);
			runOnlyForDeploymentPostprocessing = 0;
		};
		21A7B53428E827E000C5FB98 /* Resources */ = {
			isa = PBXResourcesBuildPhase;
			buildActionMask = 2147483647;
			files = (
			);
			runOnlyForDeploymentPostprocessing = 0;
		};
/* End PBXResourcesBuildPhase section */

/* Begin PBXSourcesBuildPhase section */
		21A7B50528E6F1E800C5FB98 /* Sources */ = {
			isa = PBXSourcesBuildPhase;
			buildActionMask = 2147483647;
			files = (
				21A7B50F28E6F1E800C5FB98 /* MainView.swift in Sources */,
				2192458228E924D3000E0F29 /* StartVM.swift in Sources */,
				21A7B55328E8EA6E00C5FB98 /* CreateModels.swift in Sources */,
				21A7B52328E79AD700C5FB98 /* isHidden.swift in Sources */,
				21A7B52128E78F1500C5FB98 /* StartView.swift in Sources */,
				21A7B54A28E8D6C900C5FB98 /* CreateViewVM.swift in Sources */,
				21A7B51D28E78ECC00C5FB98 /* CreateView.swift in Sources */,
				21A7B54628E83E0800C5FB98 /* NewExerciseView.swift in Sources */,
				21A7B53128E7AB4B00C5FB98 /* DataController.swift in Sources */,
				21A7B50D28E6F1E800C5FB98 /* WorkoutsApp.swift in Sources */,
				21A7B52D28E7A65200C5FB98 /* Sessions.xcdatamodeld in Sources */,
				21A7B54828E8D44700C5FB98 /* oldCode.swift in Sources */,
				21A7B51F28E78F0900C5FB98 /* ProgramView.swift in Sources */,
			);
			runOnlyForDeploymentPostprocessing = 0;
		};
		21A7B53228E827E000C5FB98 /* Sources */ = {
			isa = PBXSourcesBuildPhase;
			buildActionMask = 2147483647;
			files = (
				21A7B55028E8E62C00C5FB98 /* CreateVMTests.swift in Sources */,
				21A7B53928E827E000C5FB98 /* WorkoutsTests.swift in Sources */,
			);
			runOnlyForDeploymentPostprocessing = 0;
		};
/* End PBXSourcesBuildPhase section */

/* Begin PBXTargetDependency section */
		21A7B53B28E827E000C5FB98 /* PBXTargetDependency */ = {
			isa = PBXTargetDependency;
			target = 21A7B50828E6F1E800C5FB98 /* Workouts */;
			targetProxy = 21A7B53A28E827E000C5FB98 /* PBXContainerItemProxy */;
		};
/* End PBXTargetDependency section */

/* Begin XCBuildConfiguration section */
		21A7B51528E6F1EA00C5FB98 /* Debug */ = {
			isa = XCBuildConfiguration;
			buildSettings = {
				ALWAYS_SEARCH_USER_PATHS = NO;
				CLANG_ANALYZER_NONNULL = YES;
				CLANG_ANALYZER_NUMBER_OBJECT_CONVERSION = YES_AGGRESSIVE;
				CLANG_CXX_LANGUAGE_STANDARD = "gnu++17";
				CLANG_ENABLE_MODULES = YES;
				CLANG_ENABLE_OBJC_ARC = YES;
				CLANG_ENABLE_OBJC_WEAK = YES;
				CLANG_WARN_BLOCK_CAPTURE_AUTORELEASING = YES;
				CLANG_WARN_BOOL_CONVERSION = YES;
				CLANG_WARN_COMMA = YES;
				CLANG_WARN_CONSTANT_CONVERSION = YES;
				CLANG_WARN_DEPRECATED_OBJC_IMPLEMENTATIONS = YES;
				CLANG_WARN_DIRECT_OBJC_ISA_USAGE = YES_ERROR;
				CLANG_WARN_DOCUMENTATION_COMMENTS = YES;
				CLANG_WARN_EMPTY_BODY = YES;
				CLANG_WARN_ENUM_CONVERSION = YES;
				CLANG_WARN_INFINITE_RECURSION = YES;
				CLANG_WARN_INT_CONVERSION = YES;
				CLANG_WARN_NON_LITERAL_NULL_CONVERSION = YES;
				CLANG_WARN_OBJC_IMPLICIT_RETAIN_SELF = YES;
				CLANG_WARN_OBJC_LITERAL_CONVERSION = YES;
				CLANG_WARN_OBJC_ROOT_CLASS = YES_ERROR;
				CLANG_WARN_QUOTED_INCLUDE_IN_FRAMEWORK_HEADER = YES;
				CLANG_WARN_RANGE_LOOP_ANALYSIS = YES;
				CLANG_WARN_STRICT_PROTOTYPES = YES;
				CLANG_WARN_SUSPICIOUS_MOVE = YES;
				CLANG_WARN_UNGUARDED_AVAILABILITY = YES_AGGRESSIVE;
				CLANG_WARN_UNREACHABLE_CODE = YES;
				CLANG_WARN__DUPLICATE_METHOD_MATCH = YES;
				COPY_PHASE_STRIP = NO;
				DEBUG_INFORMATION_FORMAT = dwarf;
				ENABLE_STRICT_OBJC_MSGSEND = YES;
				ENABLE_TESTABILITY = YES;
				GCC_C_LANGUAGE_STANDARD = gnu11;
				GCC_DYNAMIC_NO_PIC = NO;
				GCC_NO_COMMON_BLOCKS = YES;
				GCC_OPTIMIZATION_LEVEL = 0;
				GCC_PREPROCESSOR_DEFINITIONS = (
					"DEBUG=1",
					"$(inherited)",
				);
				GCC_WARN_64_TO_32_BIT_CONVERSION = YES;
				GCC_WARN_ABOUT_RETURN_TYPE = YES_ERROR;
				GCC_WARN_UNDECLARED_SELECTOR = YES;
				GCC_WARN_UNINITIALIZED_AUTOS = YES_AGGRESSIVE;
				GCC_WARN_UNUSED_FUNCTION = YES;
				GCC_WARN_UNUSED_VARIABLE = YES;
				IPHONEOS_DEPLOYMENT_TARGET = 15.5;
				MTL_ENABLE_DEBUG_INFO = INCLUDE_SOURCE;
				MTL_FAST_MATH = YES;
				ONLY_ACTIVE_ARCH = YES;
				SDKROOT = iphoneos;
				SWIFT_ACTIVE_COMPILATION_CONDITIONS = DEBUG;
				SWIFT_OPTIMIZATION_LEVEL = "-Onone";
			};
			name = Debug;
		};
		21A7B51628E6F1EA00C5FB98 /* Release */ = {
			isa = XCBuildConfiguration;
			buildSettings = {
				ALWAYS_SEARCH_USER_PATHS = NO;
				CLANG_ANALYZER_NONNULL = YES;
				CLANG_ANALYZER_NUMBER_OBJECT_CONVERSION = YES_AGGRESSIVE;
				CLANG_CXX_LANGUAGE_STANDARD = "gnu++17";
				CLANG_ENABLE_MODULES = YES;
				CLANG_ENABLE_OBJC_ARC = YES;
				CLANG_ENABLE_OBJC_WEAK = YES;
				CLANG_WARN_BLOCK_CAPTURE_AUTORELEASING = YES;
				CLANG_WARN_BOOL_CONVERSION = YES;
				CLANG_WARN_COMMA = YES;
				CLANG_WARN_CONSTANT_CONVERSION = YES;
				CLANG_WARN_DEPRECATED_OBJC_IMPLEMENTATIONS = YES;
				CLANG_WARN_DIRECT_OBJC_ISA_USAGE = YES_ERROR;
				CLANG_WARN_DOCUMENTATION_COMMENTS = YES;
				CLANG_WARN_EMPTY_BODY = YES;
				CLANG_WARN_ENUM_CONVERSION = YES;
				CLANG_WARN_INFINITE_RECURSION = YES;
				CLANG_WARN_INT_CONVERSION = YES;
				CLANG_WARN_NON_LITERAL_NULL_CONVERSION = YES;
				CLANG_WARN_OBJC_IMPLICIT_RETAIN_SELF = YES;
				CLANG_WARN_OBJC_LITERAL_CONVERSION = YES;
				CLANG_WARN_OBJC_ROOT_CLASS = YES_ERROR;
				CLANG_WARN_QUOTED_INCLUDE_IN_FRAMEWORK_HEADER = YES;
				CLANG_WARN_RANGE_LOOP_ANALYSIS = YES;
				CLANG_WARN_STRICT_PROTOTYPES = YES;
				CLANG_WARN_SUSPICIOUS_MOVE = YES;
				CLANG_WARN_UNGUARDED_AVAILABILITY = YES_AGGRESSIVE;
				CLANG_WARN_UNREACHABLE_CODE = YES;
				CLANG_WARN__DUPLICATE_METHOD_MATCH = YES;
				COPY_PHASE_STRIP = NO;
				DEBUG_INFORMATION_FORMAT = "dwarf-with-dsym";
				ENABLE_NS_ASSERTIONS = NO;
				ENABLE_STRICT_OBJC_MSGSEND = YES;
				GCC_C_LANGUAGE_STANDARD = gnu11;
				GCC_NO_COMMON_BLOCKS = YES;
				GCC_WARN_64_TO_32_BIT_CONVERSION = YES;
				GCC_WARN_ABOUT_RETURN_TYPE = YES_ERROR;
				GCC_WARN_UNDECLARED_SELECTOR = YES;
				GCC_WARN_UNINITIALIZED_AUTOS = YES_AGGRESSIVE;
				GCC_WARN_UNUSED_FUNCTION = YES;
				GCC_WARN_UNUSED_VARIABLE = YES;
				IPHONEOS_DEPLOYMENT_TARGET = 15.5;
				MTL_ENABLE_DEBUG_INFO = NO;
				MTL_FAST_MATH = YES;
				SDKROOT = iphoneos;
				SWIFT_COMPILATION_MODE = wholemodule;
				SWIFT_OPTIMIZATION_LEVEL = "-O";
				VALIDATE_PRODUCT = YES;
			};
			name = Release;
		};
		21A7B51828E6F1EA00C5FB98 /* Debug */ = {
			isa = XCBuildConfiguration;
			buildSettings = {
				ASSETCATALOG_COMPILER_APPICON_NAME = AppIcon;
				ASSETCATALOG_COMPILER_GLOBAL_ACCENT_COLOR_NAME = AccentColor;
				CODE_SIGN_STYLE = Automatic;
				CURRENT_PROJECT_VERSION = 1;
				DEVELOPMENT_ASSET_PATHS = "\"Workouts/Preview Content\"";
				ENABLE_PREVIEWS = YES;
				GENERATE_INFOPLIST_FILE = YES;
				INFOPLIST_FILE = Workouts/Info.plist;
				INFOPLIST_KEY_UIApplicationSceneManifest_Generation = YES;
				INFOPLIST_KEY_UIApplicationSupportsIndirectInputEvents = YES;
				INFOPLIST_KEY_UILaunchScreen_Generation = YES;
				INFOPLIST_KEY_UISupportedInterfaceOrientations_iPad = "UIInterfaceOrientationPortrait UIInterfaceOrientationPortraitUpsideDown";
				INFOPLIST_KEY_UISupportedInterfaceOrientations_iPhone = "UIInterfaceOrientationPortrait UIInterfaceOrientationLandscapeLeft UIInterfaceOrientationLandscapeRight";
				IPHONEOS_DEPLOYMENT_TARGET = 16.0;
				LD_RUNPATH_SEARCH_PATHS = (
					"$(inherited)",
					"@executable_path/Frameworks",
				);
				MARKETING_VERSION = 1.0;
				PRODUCT_BUNDLE_IDENTIFIER = com.wom.Workouts;
				PRODUCT_NAME = "$(TARGET_NAME)";
				SWIFT_EMIT_LOC_STRINGS = YES;
				SWIFT_VERSION = 5.0;
				TARGETED_DEVICE_FAMILY = 1;
			};
			name = Debug;
		};
		21A7B51928E6F1EA00C5FB98 /* Release */ = {
			isa = XCBuildConfiguration;
			buildSettings = {
				ASSETCATALOG_COMPILER_APPICON_NAME = AppIcon;
				ASSETCATALOG_COMPILER_GLOBAL_ACCENT_COLOR_NAME = AccentColor;
				CODE_SIGN_STYLE = Automatic;
				CURRENT_PROJECT_VERSION = 1;
				DEVELOPMENT_ASSET_PATHS = "\"Workouts/Preview Content\"";
				ENABLE_PREVIEWS = YES;
				GENERATE_INFOPLIST_FILE = YES;
				INFOPLIST_FILE = Workouts/Info.plist;
				INFOPLIST_KEY_UIApplicationSceneManifest_Generation = YES;
				INFOPLIST_KEY_UIApplicationSupportsIndirectInputEvents = YES;
				INFOPLIST_KEY_UILaunchScreen_Generation = YES;
				INFOPLIST_KEY_UISupportedInterfaceOrientations_iPad = "UIInterfaceOrientationPortrait UIInterfaceOrientationPortraitUpsideDown";
				INFOPLIST_KEY_UISupportedInterfaceOrientations_iPhone = "UIInterfaceOrientationPortrait UIInterfaceOrientationLandscapeLeft UIInterfaceOrientationLandscapeRight";
				IPHONEOS_DEPLOYMENT_TARGET = 16.0;
				LD_RUNPATH_SEARCH_PATHS = (
					"$(inherited)",
					"@executable_path/Frameworks",
				);
				MARKETING_VERSION = 1.0;
				PRODUCT_BUNDLE_IDENTIFIER = com.wom.Workouts;
				PRODUCT_NAME = "$(TARGET_NAME)";
				SWIFT_EMIT_LOC_STRINGS = YES;
				SWIFT_VERSION = 5.0;
				TARGETED_DEVICE_FAMILY = 1;
			};
			name = Release;
		};
		21A7B53C28E827E000C5FB98 /* Debug */ = {
			isa = XCBuildConfiguration;
			buildSettings = {
				BUNDLE_LOADER = "$(TEST_HOST)";
				CODE_SIGN_STYLE = Automatic;
				CURRENT_PROJECT_VERSION = 1;
				GENERATE_INFOPLIST_FILE = YES;
				MARKETING_VERSION = 1.0;
				PRODUCT_BUNDLE_IDENTIFIER = com.wom.WorkoutsTests;
				PRODUCT_NAME = "$(TARGET_NAME)";
				SWIFT_EMIT_LOC_STRINGS = NO;
				SWIFT_VERSION = 5.0;
				TARGETED_DEVICE_FAMILY = "1,2";
				TEST_HOST = "$(BUILT_PRODUCTS_DIR)/Workouts.app/Workouts";
			};
			name = Debug;
		};
		21A7B53D28E827E000C5FB98 /* Release */ = {
			isa = XCBuildConfiguration;
			buildSettings = {
				BUNDLE_LOADER = "$(TEST_HOST)";
				CODE_SIGN_STYLE = Automatic;
				CURRENT_PROJECT_VERSION = 1;
				GENERATE_INFOPLIST_FILE = YES;
				MARKETING_VERSION = 1.0;
				PRODUCT_BUNDLE_IDENTIFIER = com.wom.WorkoutsTests;
				PRODUCT_NAME = "$(TARGET_NAME)";
				SWIFT_EMIT_LOC_STRINGS = NO;
				SWIFT_VERSION = 5.0;
				TARGETED_DEVICE_FAMILY = "1,2";
				TEST_HOST = "$(BUILT_PRODUCTS_DIR)/Workouts.app/Workouts";
			};
			name = Release;
		};
/* End XCBuildConfiguration section */

/* Begin XCConfigurationList section */
		21A7B50428E6F1E800C5FB98 /* Build configuration list for PBXProject "Workouts" */ = {
			isa = XCConfigurationList;
			buildConfigurations = (
				21A7B51528E6F1EA00C5FB98 /* Debug */,
				21A7B51628E6F1EA00C5FB98 /* Release */,
			);
			defaultConfigurationIsVisible = 0;
			defaultConfigurationName = Release;
		};
		21A7B51728E6F1EA00C5FB98 /* Build configuration list for PBXNativeTarget "Workouts" */ = {
			isa = XCConfigurationList;
			buildConfigurations = (
				21A7B51828E6F1EA00C5FB98 /* Debug */,
				21A7B51928E6F1EA00C5FB98 /* Release */,
			);
			defaultConfigurationIsVisible = 0;
			defaultConfigurationName = Release;
		};
		21A7B53E28E827E000C5FB98 /* Build configuration list for PBXNativeTarget "WorkoutsTests" */ = {
			isa = XCConfigurationList;
			buildConfigurations = (
				21A7B53C28E827E000C5FB98 /* Debug */,
				21A7B53D28E827E000C5FB98 /* Release */,
			);
			defaultConfigurationIsVisible = 0;
			defaultConfigurationName = Release;
		};
/* End XCConfigurationList section */

/* Begin XCVersionGroup section */
		21A7B52B28E7A65200C5FB98 /* Sessions.xcdatamodeld */ = {
			isa = XCVersionGroup;
			children = (
				21A7B52C28E7A65200C5FB98 /* Sessions.xcdatamodel */,
			);
			currentVersion = 21A7B52C28E7A65200C5FB98 /* Sessions.xcdatamodel */;
			path = Sessions.xcdatamodeld;
			sourceTree = "<group>";
			versionGroupType = wrapper.xcdatamodel;
		};
/* End XCVersionGroup section */
	};
	rootObject = 21A7B50128E6F1E800C5FB98 /* Project object */;
}
